
Microsoft Visual Studio Solution File, Format Version 12.00
# Visual Studio Version 17
VisualStudioVersion = 17.6.33417.168
MinimumVisualStudioVersion = 10.0.40219.1
Project("{9A19103F-16F7-4668-BE54-9A1E7A4F7556}") = "DisCatSharp.Extensions.TwoFactorCommands", "DisCatSharp.Extensions.TwoFactorCommands\DisCatSharp.Extensions.TwoFactorCommands.csproj", "{66C2D5BB-31EE-480D-B9BE-88207A1FAB60}"
EndProject
Project("{2150E333-8FDC-42A3-9474-1A3956D46DE8}") = "github", "github", "{98DB1109-9A8D-47B7-831F-5DFA106EA0B7}"
	ProjectSection(SolutionItems) = preProject
		.github\CODEOWNERS = .github\CODEOWNERS
		.github\CODE_OF_CONDUCT.md = .github\CODE_OF_CONDUCT.md
		.github\labeler.yml = .github\labeler.yml
		.github\pull_request_template.md = .github\pull_request_template.md
		.github\SECURITY.md = .github\SECURITY.md
	EndProjectSection
EndProject
Project("{2150E333-8FDC-42A3-9474-1A3956D46DE8}") = "workflows", "workflows", "{8B80BBDD-7642-41DA-B441-4A693CA32BC3}"
	ProjectSection(SolutionItems) = preProject
		.github\workflows\build.yml = .github\workflows\build.yml
		.github\workflows\codeql.yml = .github\workflows\codeql.yml
		.github\workflows\documentation.yml = .github\workflows\documentation.yml
		.github\workflows\labeler.yml = .github\workflows\labeler.yml
		.github\workflows\release.yml = .github\workflows\release.yml
	EndProjectSection
EndProject
Project("{2150E333-8FDC-42A3-9474-1A3956D46DE8}") = "CoreFiles", "CoreFiles", "{057DAA4D-8381-4286-BBA0-8D1345AD1E55}"
	ProjectSection(SolutionItems) = preProject
		.editorconfig = .editorconfig
		.gitattributes = .gitattributes
		.gitignore = .gitignore
		BUILDING.md = BUILDING.md
		CONTRIBUTING.md = CONTRIBUTING.md
		Directory.Build.props = Directory.Build.props
		LICENSE.md = LICENSE.md
		logo.png = logo.png
		rebuild-lib.ps1 = rebuild-lib.ps1
		renovate.json = renovate.json
	EndProjectSection
EndProject
Project("{9A19103F-16F7-4668-BE54-9A1E7A4F7556}") = "DisCatSharp.Extensions.OAuth2Web", "DisCatSharp.Extensions.OAuth2Web\DisCatSharp.Extensions.OAuth2Web.csproj", "{6BD242EC-89DD-4026-80E0-29E176F317FB}"
EndProject
Project("{2150E333-8FDC-42A3-9474-1A3956D46DE8}") = "Targets", "Targets", "{0C70C043-A767-4FF3-8987-476DE7268B23}"
	ProjectSection(SolutionItems) = preProject
		Targets\DisCatSharp.targets = Targets\DisCatSharp.targets
		Targets\Library.targets = Targets\Library.targets
		Targets\NuGet.targets = Targets\NuGet.targets
		Targets\Package.targets = Targets\Package.targets
		Targets\Version.targets = Targets\Version.targets
	EndProjectSection
EndProject
Global
	GlobalSection(SolutionConfigurationPlatforms) = preSolution
		Debug|Any CPU = Debug|Any CPU
		Release|Any CPU = Release|Any CPU
	EndGlobalSection
	GlobalSection(ProjectConfigurationPlatforms) = postSolution
		{66C2D5BB-31EE-480D-B9BE-88207A1FAB60}.Debug|Any CPU.ActiveCfg = Debug|Any CPU
		{66C2D5BB-31EE-480D-B9BE-88207A1FAB60}.Debug|Any CPU.Build.0 = Debug|Any CPU
		{66C2D5BB-31EE-480D-B9BE-88207A1FAB60}.Release|Any CPU.ActiveCfg = Release|Any CPU
		{66C2D5BB-31EE-480D-B9BE-88207A1FAB60}.Release|Any CPU.Build.0 = Release|Any CPU
		{6BD242EC-89DD-4026-80E0-29E176F317FB}.Debug|Any CPU.ActiveCfg = Debug|Any CPU
		{6BD242EC-89DD-4026-80E0-29E176F317FB}.Debug|Any CPU.Build.0 = Debug|Any CPU
		{6BD242EC-89DD-4026-80E0-29E176F317FB}.Release|Any CPU.ActiveCfg = Release|Any CPU
		{6BD242EC-89DD-4026-80E0-29E176F317FB}.Release|Any CPU.Build.0 = Release|Any CPU
	EndGlobalSection
	GlobalSection(SolutionProperties) = preSolution
		HideSolutionNode = FALSE
	EndGlobalSection
	GlobalSection(NestedProjects) = preSolution
		{8B80BBDD-7642-41DA-B441-4A693CA32BC3} = {98DB1109-9A8D-47B7-831F-5DFA106EA0B7}
	EndGlobalSection
	GlobalSection(ExtensibilityGlobals) = postSolution
		SolutionGuid = {591E31AD-F8B3-47D0-8621-C9E2022A2723}
	EndGlobalSection
EndGlobal
